
Microsoft Visual Studio Solution File, Format Version 12.00
# Visual Studio Version 17
VisualStudioVersion = 17.14.36518.9 d17.14
MinimumVisualStudioVersion = 10.0.40219.1
Project("{FAE04EC0-301F-11D3-BF4B-00C04F79EFBC}") = "LibraryAPI", "LibraryAPI.csproj", "{BCD8FB05-4333-9DEE-C385-FB18CD6FB8E2}"
EndProject
Global
	GlobalSection(SolutionConfigurationPlatforms) = preSolution
		Debug|Any CPU = Debug|Any CPU
		Release|Any CPU = Release|Any CPU
	EndGlobalSection
	GlobalSection(ProjectConfigurationPlatforms) = postSolution
		{BCD8FB05-4333-9DEE-C385-FB18CD6FB8E2}.Debug|Any CPU.ActiveCfg = Debug|Any CPU
		{BCD8FB05-4333-9DEE-C385-FB18CD6FB8E2}.Debug|Any CPU.Build.0 = Debug|Any CPU
		{BCD8FB05-4333-9DEE-C385-FB18CD6FB8E2}.Release|Any CPU.ActiveCfg = Release|Any CPU
		{BCD8FB05-4333-9DEE-C385-FB18CD6FB8E2}.Release|Any CPU.Build.0 = Release|Any CPU
	EndGlobalSection
	GlobalSection(SolutionProperties) = preSolution
		HideSolutionNode = FALSE
	EndGlobalSection
	GlobalSection(ExtensibilityGlobals) = postSolution
		SolutionGuid = {E561A69C-46D1-40AF-92B6-651FE9B39499}
	EndGlobalSection
EndGlobal
